
Microsoft Visual Studio Solution File, Format Version 12.00
# Visual Studio 2013
VisualStudioVersion = 12.0.30723.0
MinimumVisualStudioVersion = 10.0.40219.1
Project("{FAE04EC0-301F-11D3-BF4B-00C04F79EFBC}") = "ComuniGamesWeb", "ComuniGamesWeb\ComuniGamesWeb.csproj", "{F0177E9B-99A7-4096-8CBF-F65DE25A5D61}"
EndProject
Project("{FAE04EC0-301F-11D3-BF4B-00C04F79EFBC}") = "ComuniGamesWeb.Tests", "ComuniGamesWeb.Tests\ComuniGamesWeb.Tests.csproj", "{39EE791C-6D82-4CA6-BB3C-636D97992B8A}"
EndProject
Global
	GlobalSection(TeamFoundationVersionControl) = preSolution
		SccNumberOfProjects = 2
		SccEnterpriseProvider = {4CA58AB2-18FA-4F8D-95D4-32DDF27D184C}
		SccTeamFoundationServer = https://danilocecilia.visualstudio.com/defaultcollection
		SccProjectUniqueName0 = ComuniGamesWeb\\ComuniGamesWeb.csproj
		SccProjectName0 = ComuniGamesWeb
		SccAuxPath0 = https://danilocecilia.visualstudio.com/defaultcollection
		SccLocalPath0 = ComuniGamesWeb
		SccProvider0 = {4CA58AB2-18FA-4F8D-95D4-32DDF27D184C}
		SccProjectUniqueName1 = ComuniGamesWeb.Tests\\ComuniGamesWeb.Tests.csproj
		SccProjectName1 = ComuniGamesWeb.Tests
		SccAuxPath1 = https://danilocecilia.visualstudio.com/defaultcollection
		SccLocalPath1 = ComuniGamesWeb.Tests
		SccProvider1 = {4CA58AB2-18FA-4F8D-95D4-32DDF27D184C}
	EndGlobalSection
	GlobalSection(SolutionConfigurationPlatforms) = preSolution
		Debug|Any CPU = Debug|Any CPU
		Release|Any CPU = Release|Any CPU
	EndGlobalSection
	GlobalSection(ProjectConfigurationPlatforms) = postSolution
		{F0177E9B-99A7-4096-8CBF-F65DE25A5D61}.Debug|Any CPU.ActiveCfg = Debug|Any CPU
		{F0177E9B-99A7-4096-8CBF-F65DE25A5D61}.Debug|Any CPU.Build.0 = Debug|Any CPU
		{F0177E9B-99A7-4096-8CBF-F65DE25A5D61}.Release|Any CPU.ActiveCfg = Release|Any CPU
		{F0177E9B-99A7-4096-8CBF-F65DE25A5D61}.Release|Any CPU.Build.0 = Release|Any CPU
		{39EE791C-6D82-4CA6-BB3C-636D97992B8A}.Debug|Any CPU.ActiveCfg = Debug|Any CPU
		{39EE791C-6D82-4CA6-BB3C-636D97992B8A}.Debug|Any CPU.Build.0 = Debug|Any CPU
		{39EE791C-6D82-4CA6-BB3C-636D97992B8A}.Release|Any CPU.ActiveCfg = Release|Any CPU
		{39EE791C-6D82-4CA6-BB3C-636D97992B8A}.Release|Any CPU.Build.0 = Release|Any CPU
	EndGlobalSection
	GlobalSection(SolutionProperties) = preSolution
		HideSolutionNode = FALSE
	EndGlobalSection
EndGlobal
